// !$*UTF8*$!
{
	archiveVersion = 1;
	classes = {
	};
	objectVersion = 56;
	objects = {

/* Begin PBXBuildFile section */
		E6C5554929F1329A00E25695 /* AppDelegate.m in Sources */ = {isa = PBXBuildFile; fileRef = E6C5554829F1329A00E25695 /* AppDelegate.m */; };
		E6C5554C29F1329A00E25695 /* SceneDelegate.m in Sources */ = {isa = PBXBuildFile; fileRef = E6C5554B29F1329A00E25695 /* SceneDelegate.m */; };
		E6C5554F29F1329A00E25695 /* ViewController.m in Sources */ = {isa = PBXBuildFile; fileRef = E6C5554E29F1329A00E25695 /* ViewController.m */; };
		E6C5555229F1329A00E25695 /* Main.storyboard in Resources */ = {isa = PBXBuildFile; fileRef = E6C5555029F1329A00E25695 /* Main.storyboard */; };
		E6C5555429F1329B00E25695 /* Assets.xcassets in Resources */ = {isa = PBXBuildFile; fileRef = E6C5555329F1329B00E25695 /* Assets.xcassets */; };
		E6C5555729F1329B00E25695 /* LaunchScreen.storyboard in Resources */ = {isa = PBXBuildFile; fileRef = E6C5555529F1329B00E25695 /* LaunchScreen.storyboard */; };
		E6C5555A29F1329B00E25695 /* main.m in Sources */ = {isa = PBXBuildFile; fileRef = E6C5555929F1329B00E25695 /* main.m */; };
		E6C5560529F14C1800E25695 /* FrameworkLoader.mm in Sources */ = {isa = PBXBuildFile; fileRef = E6C5560429F14C1800E25695 /* FrameworkLoader.mm */; };
		E6C5563229F14FF200E25695 /* DynamicDemo.docc in Sources */ = {isa = PBXBuildFile; fileRef = E6C5563129F14FF200E25695 /* DynamicDemo.docc */; };
		E6C5563829F14FF200E25695 /* DynamicDemo.framework in Frameworks */ = {isa = PBXBuildFile; fileRef = E6C5562E29F14FF200E25695 /* DynamicDemo.framework */; };
		E6C5563F29F14FF200E25695 /* DynamicDemoTests.m in Sources */ = {isa = PBXBuildFile; fileRef = E6C5563E29F14FF200E25695 /* DynamicDemoTests.m */; };
		E6C5564029F14FF200E25695 /* DynamicDemo.h in Headers */ = {isa = PBXBuildFile; fileRef = E6C5563029F14FF200E25695 /* DynamicDemo.h */; settings = {ATTRIBUTES = (Public, ); }; };
		E6C5564D29F1500C00E25695 /* Worker.h in Headers */ = {isa = PBXBuildFile; fileRef = E6C5564B29F1500C00E25695 /* Worker.h */; settings = {ATTRIBUTES = (Public, ); }; };
		E6C5564E29F1500C00E25695 /* Worker.m in Sources */ = {isa = PBXBuildFile; fileRef = E6C5564C29F1500C00E25695 /* Worker.m */; };
		E6C5565D29F1522000E25695 /* DynamicDemo.framework in Embed Frameworks */ = {isa = PBXBuildFile; fileRef = E6C5562E29F14FF200E25695 /* DynamicDemo.framework */; settings = {ATTRIBUTES = (CodeSignOnCopy, RemoveHeadersOnCopy, ); }; };
/* End PBXBuildFile section */

/* Begin PBXContainerItemProxy section */
		E6C5563929F14FF200E25695 /* PBXContainerItemProxy */ = {
			isa = PBXContainerItemProxy;
			containerPortal = E6C5553C29F1329A00E25695 /* Project object */;
			proxyType = 1;
			remoteGlobalIDString = E6C5562D29F14FF200E25695;
			remoteInfo = DynamicDemo;
		};
		E6C5563B29F14FF200E25695 /* PBXContainerItemProxy */ = {
			isa = PBXContainerItemProxy;
			containerPortal = E6C5553C29F1329A00E25695 /* Project object */;
			proxyType = 1;
			remoteGlobalIDString = E6C5554329F1329A00E25695;
			remoteInfo = FrameWorkLazyLoader;
		};
		E6C5565E29F1522000E25695 /* PBXContainerItemProxy */ = {
			isa = PBXContainerItemProxy;
			containerPortal = E6C5553C29F1329A00E25695 /* Project object */;
			proxyType = 1;
			remoteGlobalIDString = E6C5562D29F14FF200E25695;
			remoteInfo = DynamicDemo;
		};
/* End PBXContainerItemProxy section */

/* Begin PBXCopyFilesBuildPhase section */
		E6C5566029F1522000E25695 /* Embed Frameworks */ = {
			isa = PBXCopyFilesBuildPhase;
			buildActionMask = 2147483647;
			dstPath = "";
			dstSubfolderSpec = 10;
			files = (
				E6C5565D29F1522000E25695 /* DynamicDemo.framework in Embed Frameworks */,
			);
			name = "Embed Frameworks";
			runOnlyForDeploymentPostprocessing = 0;
		};
/* End PBXCopyFilesBuildPhase section */

/* Begin PBXFileReference section */
		E6C5554429F1329A00E25695 /* FrameWorkLazyLoader.app */ = {isa = PBXFileReference; explicitFileType = wrapper.application; includeInIndex = 0; path = FrameWorkLazyLoader.app; sourceTree = BUILT_PRODUCTS_DIR; };
		E6C5554729F1329A00E25695 /* AppDelegate.h */ = {isa = PBXFileReference; lastKnownFileType = sourcecode.c.h; path = AppDelegate.h; sourceTree = "<group>"; };
		E6C5554829F1329A00E25695 /* AppDelegate.m */ = {isa = PBXFileReference; lastKnownFileType = sourcecode.c.objc; path = AppDelegate.m; sourceTree = "<group>"; };
		E6C5554A29F1329A00E25695 /* SceneDelegate.h */ = {isa = PBXFileReference; lastKnownFileType = sourcecode.c.h; path = SceneDelegate.h; sourceTree = "<group>"; };
		E6C5554B29F1329A00E25695 /* SceneDelegate.m */ = {isa = PBXFileReference; lastKnownFileType = sourcecode.c.objc; path = SceneDelegate.m; sourceTree = "<group>"; };
		E6C5554D29F1329A00E25695 /* ViewController.h */ = {isa = PBXFileReference; lastKnownFileType = sourcecode.c.h; path = ViewController.h; sourceTree = "<group>"; };
		E6C5554E29F1329A00E25695 /* ViewController.m */ = {isa = PBXFileReference; lastKnownFileType = sourcecode.c.objc; path = ViewController.m; sourceTree = "<group>"; };
		E6C5555129F1329A00E25695 /* Base */ = {isa = PBXFileReference; lastKnownFileType = file.storyboard; name = Base; path = Base.lproj/Main.storyboard; sourceTree = "<group>"; };
		E6C5555329F1329B00E25695 /* Assets.xcassets */ = {isa = PBXFileReference; lastKnownFileType = folder.assetcatalog; path = Assets.xcassets; sourceTree = "<group>"; };
		E6C5555629F1329B00E25695 /* Base */ = {isa = PBXFileReference; lastKnownFileType = file.storyboard; name = Base; path = Base.lproj/LaunchScreen.storyboard; sourceTree = "<group>"; };
		E6C5555829F1329B00E25695 /* Info.plist */ = {isa = PBXFileReference; lastKnownFileType = text.plist.xml; path = Info.plist; sourceTree = "<group>"; };
		E6C5555929F1329B00E25695 /* main.m */ = {isa = PBXFileReference; lastKnownFileType = sourcecode.c.objc; path = main.m; sourceTree = "<group>"; };
		E6C555F829F1458B00E25695 /* DynamicFramework.framework */ = {isa = PBXFileReference; lastKnownFileType = wrapper.framework; name = DynamicFramework.framework; path = ../DynamicFramework/Products/DynamicFramework.framework; sourceTree = "<group>"; };
		E6C555FF29F14B5D00E25695 /* DynamicFramework.framework */ = {isa = PBXFileReference; lastKnownFileType = wrapper.framework; name = DynamicFramework.framework; path = FrameWorkLazyLoader/DynamicFramework.framework; sourceTree = "<group>"; };
		E6C5560329F14C1800E25695 /* FrameworkLoader.h */ = {isa = PBXFileReference; lastKnownFileType = sourcecode.c.h; path = FrameworkLoader.h; sourceTree = "<group>"; };
		E6C5560429F14C1800E25695 /* FrameworkLoader.mm */ = {isa = PBXFileReference; lastKnownFileType = sourcecode.cpp.objcpp; path = FrameworkLoader.mm; sourceTree = "<group>"; };
		E6C5560D29F14FC300E25695 /* DynamicDemo.h */ = {isa = PBXFileReference; lastKnownFileType = sourcecode.c.h; path = DynamicDemo.h; sourceTree = "<group>"; };
		E6C5560E29F14FC300E25695 /* DynamicDemo.docc */ = {isa = PBXFileReference; lastKnownFileType = folder.documentationcatalog; path = DynamicDemo.docc; sourceTree = "<group>"; };
		E6C5561B29F14FC400E25695 /* DynamicDemoTests.m */ = {isa = PBXFileReference; lastKnownFileType = sourcecode.c.objc; path = DynamicDemoTests.m; sourceTree = "<group>"; };
		E6C5562E29F14FF200E25695 /* DynamicDemo.framework */ = {isa = PBXFileReference; explicitFileType = wrapper.framework; includeInIndex = 0; path = DynamicDemo.framework; sourceTree = BUILT_PRODUCTS_DIR; };
		E6C5563029F14FF200E25695 /* DynamicDemo.h */ = {isa = PBXFileReference; lastKnownFileType = sourcecode.c.h; path = DynamicDemo.h; sourceTree = "<group>"; };
		E6C5563129F14FF200E25695 /* DynamicDemo.docc */ = {isa = PBXFileReference; lastKnownFileType = folder.documentationcatalog; path = DynamicDemo.docc; sourceTree = "<group>"; };
		E6C5563729F14FF200E25695 /* DynamicDemoTests.xctest */ = {isa = PBXFileReference; explicitFileType = wrapper.cfbundle; includeInIndex = 0; path = DynamicDemoTests.xctest; sourceTree = BUILT_PRODUCTS_DIR; };
		E6C5563E29F14FF200E25695 /* DynamicDemoTests.m */ = {isa = PBXFileReference; lastKnownFileType = sourcecode.c.objc; path = DynamicDemoTests.m; sourceTree = "<group>"; };
		E6C5564B29F1500C00E25695 /* Worker.h */ = {isa = PBXFileReference; lastKnownFileType = sourcecode.c.h; path = Worker.h; sourceTree = "<group>"; };
		E6C5564C29F1500C00E25695 /* Worker.m */ = {isa = PBXFileReference; lastKnownFileType = sourcecode.c.objc; path = Worker.m; sourceTree = "<group>"; };
/* End PBXFileReference section */

/* Begin PBXFrameworksBuildPhase section */
		E6C5554129F1329A00E25695 /* Frameworks */ = {
			isa = PBXFrameworksBuildPhase;
			buildActionMask = 2147483647;
			files = (
			);
			runOnlyForDeploymentPostprocessing = 0;
		};
		E6C5562B29F14FF200E25695 /* Frameworks */ = {
			isa = PBXFrameworksBuildPhase;
			buildActionMask = 2147483647;
			files = (
			);
			runOnlyForDeploymentPostprocessing = 0;
		};
		E6C5563429F14FF200E25695 /* Frameworks */ = {
			isa = PBXFrameworksBuildPhase;
			buildActionMask = 2147483647;
			files = (
				E6C5563829F14FF200E25695 /* DynamicDemo.framework in Frameworks */,
			);
			runOnlyForDeploymentPostprocessing = 0;
		};
/* End PBXFrameworksBuildPhase section */

/* Begin PBXGroup section */
		E6C5553B29F1329A00E25695 = {
			isa = PBXGroup;
			children = (
				E6C5554629F1329A00E25695 /* FrameWorkLazyLoader */,
				E6C5560C29F14FC300E25695 /* DynamicDemo */,
				E6C5561A29F14FC400E25695 /* DynamicDemoTests */,
				E6C5562F29F14FF200E25695 /* DynamicDemo */,
				E6C5563D29F14FF200E25695 /* DynamicDemoTests */,
				E6C5554529F1329A00E25695 /* Products */,
				E6C555F729F1458B00E25695 /* Frameworks */,
			);
			sourceTree = "<group>";
		};
		E6C5554529F1329A00E25695 /* Products */ = {
			isa = PBXGroup;
			children = (
				E6C5554429F1329A00E25695 /* FrameWorkLazyLoader.app */,
				E6C5562E29F14FF200E25695 /* DynamicDemo.framework */,
				E6C5563729F14FF200E25695 /* DynamicDemoTests.xctest */,
			);
			name = Products;
			sourceTree = "<group>";
		};
		E6C5554629F1329A00E25695 /* FrameWorkLazyLoader */ = {
			isa = PBXGroup;
			children = (
				E6C5554729F1329A00E25695 /* AppDelegate.h */,
				E6C5554829F1329A00E25695 /* AppDelegate.m */,
				E6C5554A29F1329A00E25695 /* SceneDelegate.h */,
				E6C5554B29F1329A00E25695 /* SceneDelegate.m */,
				E6C5554D29F1329A00E25695 /* ViewController.h */,
				E6C5554E29F1329A00E25695 /* ViewController.m */,
				E6C5560329F14C1800E25695 /* FrameworkLoader.h */,
				E6C5560429F14C1800E25695 /* FrameworkLoader.mm */,
				E6C5555029F1329A00E25695 /* Main.storyboard */,
				E6C5555329F1329B00E25695 /* Assets.xcassets */,
				E6C5555529F1329B00E25695 /* LaunchScreen.storyboard */,
				E6C5555829F1329B00E25695 /* Info.plist */,
				E6C5555929F1329B00E25695 /* main.m */,
			);
			path = FrameWorkLazyLoader;
			sourceTree = "<group>";
		};
		E6C555F729F1458B00E25695 /* Frameworks */ = {
			isa = PBXGroup;
			children = (
				E6C555FF29F14B5D00E25695 /* DynamicFramework.framework */,
				E6C555F829F1458B00E25695 /* DynamicFramework.framework */,
			);
			name = Frameworks;
			sourceTree = "<group>";
		};
		E6C5560C29F14FC300E25695 /* DynamicDemo */ = {
			isa = PBXGroup;
			children = (
				E6C5560D29F14FC300E25695 /* DynamicDemo.h */,
				E6C5560E29F14FC300E25695 /* DynamicDemo.docc */,
				E6C5564B29F1500C00E25695 /* Worker.h */,
				E6C5564C29F1500C00E25695 /* Worker.m */,
			);
			path = DynamicDemo;
			sourceTree = "<group>";
		};
		E6C5561A29F14FC400E25695 /* DynamicDemoTests */ = {
			isa = PBXGroup;
			children = (
				E6C5561B29F14FC400E25695 /* DynamicDemoTests.m */,
			);
			path = DynamicDemoTests;
			sourceTree = "<group>";
		};
		E6C5562F29F14FF200E25695 /* DynamicDemo */ = {
			isa = PBXGroup;
			children = (
				E6C5563029F14FF200E25695 /* DynamicDemo.h */,
				E6C5563129F14FF200E25695 /* DynamicDemo.docc */,
			);
			path = DynamicDemo;
			sourceTree = "<group>";
		};
		E6C5563D29F14FF200E25695 /* DynamicDemoTests */ = {
			isa = PBXGroup;
			children = (
				E6C5563E29F14FF200E25695 /* DynamicDemoTests.m */,
			);
			path = DynamicDemoTests;
			sourceTree = "<group>";
		};
/* End PBXGroup section */

/* Begin PBXHeadersBuildPhase section */
		E6C5562929F14FF200E25695 /* Headers */ = {
			isa = PBXHeadersBuildPhase;
			buildActionMask = 2147483647;
			files = (
				E6C5564D29F1500C00E25695 /* Worker.h in Headers */,
				E6C5564029F14FF200E25695 /* DynamicDemo.h in Headers */,
			);
			runOnlyForDeploymentPostprocessing = 0;
		};
/* End PBXHeadersBuildPhase section */

/* Begin PBXNativeTarget section */
		E6C5554329F1329A00E25695 /* FrameWorkLazyLoader */ = {
			isa = PBXNativeTarget;
			buildConfigurationList = E6C5555D29F1329B00E25695 /* Build configuration list for PBXNativeTarget "FrameWorkLazyLoader" */;
			buildPhases = (
				E6C5554029F1329A00E25695 /* Sources */,
				E6C5554129F1329A00E25695 /* Frameworks */,
				E6C5554229F1329A00E25695 /* Resources */,
				E6C5566029F1522000E25695 /* Embed Frameworks */,
			);
			buildRules = (
			);
			dependencies = (
				E6C5565F29F1522000E25695 /* PBXTargetDependency */,
			);
			name = FrameWorkLazyLoader;
			productName = FrameWorkLazyLoader;
			productReference = E6C5554429F1329A00E25695 /* FrameWorkLazyLoader.app */;
			productType = "com.apple.product-type.application";
		};
		E6C5562D29F14FF200E25695 /* DynamicDemo */ = {
			isa = PBXNativeTarget;
			buildConfigurationList = E6C5564529F14FF200E25695 /* Build configuration list for PBXNativeTarget "DynamicDemo" */;
			buildPhases = (
				E6C5562929F14FF200E25695 /* Headers */,
				E6C5562A29F14FF200E25695 /* Sources */,
				E6C5562B29F14FF200E25695 /* Frameworks */,
				E6C5562C29F14FF200E25695 /* Resources */,
			);
			buildRules = (
			);
			dependencies = (
			);
			name = DynamicDemo;
			productName = DynamicDemo;
			productReference = E6C5562E29F14FF200E25695 /* DynamicDemo.framework */;
			productType = "com.apple.product-type.framework";
		};
		E6C5563629F14FF200E25695 /* DynamicDemoTests */ = {
			isa = PBXNativeTarget;
			buildConfigurationList = E6C5564829F14FF200E25695 /* Build configuration list for PBXNativeTarget "DynamicDemoTests" */;
			buildPhases = (
				E6C5563329F14FF200E25695 /* Sources */,
				E6C5563429F14FF200E25695 /* Frameworks */,
				E6C5563529F14FF200E25695 /* Resources */,
			);
			buildRules = (
			);
			dependencies = (
				E6C5563A29F14FF200E25695 /* PBXTargetDependency */,
				E6C5563C29F14FF200E25695 /* PBXTargetDependency */,
			);
			name = DynamicDemoTests;
			productName = DynamicDemoTests;
			productReference = E6C5563729F14FF200E25695 /* DynamicDemoTests.xctest */;
			productType = "com.apple.product-type.bundle.unit-test";
		};
/* End PBXNativeTarget section */

/* Begin PBXProject section */
		E6C5553C29F1329A00E25695 /* Project object */ = {
			isa = PBXProject;
			attributes = {
				BuildIndependentTargetsInParallel = 1;
				LastUpgradeCheck = 1420;
				TargetAttributes = {
					E6C5554329F1329A00E25695 = {
						CreatedOnToolsVersion = 14.2;
					};
					E6C5562D29F14FF200E25695 = {
						CreatedOnToolsVersion = 14.2;
					};
					E6C5563629F14FF200E25695 = {
						CreatedOnToolsVersion = 14.2;
						TestTargetID = E6C5554329F1329A00E25695;
					};
				};
			};
			buildConfigurationList = E6C5553F29F1329A00E25695 /* Build configuration list for PBXProject "FrameWorkLazyLoader" */;
			compatibilityVersion = "Xcode 14.0";
			developmentRegion = en;
			hasScannedForEncodings = 0;
			knownRegions = (
				en,
				Base,
			);
			mainGroup = E6C5553B29F1329A00E25695;
			productRefGroup = E6C5554529F1329A00E25695 /* Products */;
			projectDirPath = "";
			projectRoot = "";
			targets = (
				E6C5554329F1329A00E25695 /* FrameWorkLazyLoader */,
				E6C5562D29F14FF200E25695 /* DynamicDemo */,
				E6C5563629F14FF200E25695 /* DynamicDemoTests */,
			);
		};
/* End PBXProject section */

/* Begin PBXResourcesBuildPhase section */
		E6C5554229F1329A00E25695 /* Resources */ = {
			isa = PBXResourcesBuildPhase;
			buildActionMask = 2147483647;
			files = (
				E6C5555729F1329B00E25695 /* LaunchScreen.storyboard in Resources */,
				E6C5555429F1329B00E25695 /* Assets.xcassets in Resources */,
				E6C5555229F1329A00E25695 /* Main.storyboard in Resources */,
			);
			runOnlyForDeploymentPostprocessing = 0;
		};
		E6C5562C29F14FF200E25695 /* Resources */ = {
			isa = PBXResourcesBuildPhase;
			buildActionMask = 2147483647;
			files = (
			);
			runOnlyForDeploymentPostprocessing = 0;
		};
		E6C5563529F14FF200E25695 /* Resources */ = {
			isa = PBXResourcesBuildPhase;
			buildActionMask = 2147483647;
			files = (
			);
			runOnlyForDeploymentPostprocessing = 0;
		};
/* End PBXResourcesBuildPhase section */

/* Begin PBXSourcesBuildPhase section */
		E6C5554029F1329A00E25695 /* Sources */ = {
			isa = PBXSourcesBuildPhase;
			buildActionMask = 2147483647;
			files = (
				E6C5554F29F1329A00E25695 /* ViewController.m in Sources */,
				E6C5554929F1329A00E25695 /* AppDelegate.m in Sources */,
				E6C5555A29F1329B00E25695 /* main.m in Sources */,
				E6C5560529F14C1800E25695 /* FrameworkLoader.mm in Sources */,
				E6C5554C29F1329A00E25695 /* SceneDelegate.m in Sources */,
			);
			runOnlyForDeploymentPostprocessing = 0;
		};
		E6C5562A29F14FF200E25695 /* Sources */ = {
			isa = PBXSourcesBuildPhase;
			buildActionMask = 2147483647;
			files = (
				E6C5563229F14FF200E25695 /* DynamicDemo.docc in Sources */,
				E6C5564E29F1500C00E25695 /* Worker.m in Sources */,
			);
			runOnlyForDeploymentPostprocessing = 0;
		};
		E6C5563329F14FF200E25695 /* Sources */ = {
			isa = PBXSourcesBuildPhase;
			buildActionMask = 2147483647;
			files = (
				E6C5563F29F14FF200E25695 /* DynamicDemoTests.m in Sources */,
			);
			runOnlyForDeploymentPostprocessing = 0;
		};
/* End PBXSourcesBuildPhase section */

/* Begin PBXTargetDependency section */
		E6C5563A29F14FF200E25695 /* PBXTargetDependency */ = {
			isa = PBXTargetDependency;
			target = E6C5562D29F14FF200E25695 /* DynamicDemo */;
			targetProxy = E6C5563929F14FF200E25695 /* PBXContainerItemProxy */;
		};
		E6C5563C29F14FF200E25695 /* PBXTargetDependency */ = {
			isa = PBXTargetDependency;
			target = E6C5554329F1329A00E25695 /* FrameWorkLazyLoader */;
			targetProxy = E6C5563B29F14FF200E25695 /* PBXContainerItemProxy */;
		};
		E6C5565F29F1522000E25695 /* PBXTargetDependency */ = {
			isa = PBXTargetDependency;
			target = E6C5562D29F14FF200E25695 /* DynamicDemo */;
			targetProxy = E6C5565E29F1522000E25695 /* PBXContainerItemProxy */;
		};
/* End PBXTargetDependency section */

/* Begin PBXVariantGroup section */
		E6C5555029F1329A00E25695 /* Main.storyboard */ = {
			isa = PBXVariantGroup;
			children = (
				E6C5555129F1329A00E25695 /* Base */,
			);
			name = Main.storyboard;
			sourceTree = "<group>";
		};
		E6C5555529F1329B00E25695 /* LaunchScreen.storyboard */ = {
			isa = PBXVariantGroup;
			children = (
				E6C5555629F1329B00E25695 /* Base */,
			);
			name = LaunchScreen.storyboard;
			sourceTree = "<group>";
		};
/* End PBXVariantGroup section */

/* Begin XCBuildConfiguration section */
		E6C5555B29F1329B00E25695 /* Debug */ = {
			isa = XCBuildConfiguration;
			buildSettings = {
				ALWAYS_SEARCH_USER_PATHS = NO;
				CLANG_ANALYZER_NONNULL = YES;
				CLANG_ANALYZER_NUMBER_OBJECT_CONVERSION = YES_AGGRESSIVE;
				CLANG_CXX_LANGUAGE_STANDARD = "gnu++20";
				CLANG_ENABLE_MODULES = YES;
				CLANG_ENABLE_OBJC_ARC = YES;
				CLANG_ENABLE_OBJC_WEAK = YES;
				CLANG_WARN_BLOCK_CAPTURE_AUTORELEASING = YES;
				CLANG_WARN_BOOL_CONVERSION = YES;
				CLANG_WARN_COMMA = YES;
				CLANG_WARN_CONSTANT_CONVERSION = YES;
				CLANG_WARN_DEPRECATED_OBJC_IMPLEMENTATIONS = YES;
				CLANG_WARN_DIRECT_OBJC_ISA_USAGE = YES_ERROR;
				CLANG_WARN_DOCUMENTATION_COMMENTS = YES;
				CLANG_WARN_EMPTY_BODY = YES;
				CLANG_WARN_ENUM_CONVERSION = YES;
				CLANG_WARN_INFINITE_RECURSION = YES;
				CLANG_WARN_INT_CONVERSION = YES;
				CLANG_WARN_NON_LITERAL_NULL_CONVERSION = YES;
				CLANG_WARN_OBJC_IMPLICIT_RETAIN_SELF = YES;
				CLANG_WARN_OBJC_LITERAL_CONVERSION = YES;
				CLANG_WARN_OBJC_ROOT_CLASS = YES_ERROR;
				CLANG_WARN_QUOTED_INCLUDE_IN_FRAMEWORK_HEADER = YES;
				CLANG_WARN_RANGE_LOOP_ANALYSIS = YES;
				CLANG_WARN_STRICT_PROTOTYPES = YES;
				CLANG_WARN_SUSPICIOUS_MOVE = YES;
				CLANG_WARN_UNGUARDED_AVAILABILITY = YES_AGGRESSIVE;
				CLANG_WARN_UNREACHABLE_CODE = YES;
				CLANG_WARN__DUPLICATE_METHOD_MATCH = YES;
				COPY_PHASE_STRIP = NO;
				DEBUG_INFORMATION_FORMAT = dwarf;
				ENABLE_STRICT_OBJC_MSGSEND = YES;
				ENABLE_TESTABILITY = YES;
				GCC_C_LANGUAGE_STANDARD = gnu11;
				GCC_DYNAMIC_NO_PIC = NO;
				GCC_NO_COMMON_BLOCKS = YES;
				GCC_OPTIMIZATION_LEVEL = 0;
				GCC_PREPROCESSOR_DEFINITIONS = (
					"DEBUG=1",
					"$(inherited)",
				);
				GCC_WARN_64_TO_32_BIT_CONVERSION = YES;
				GCC_WARN_ABOUT_RETURN_TYPE = YES_ERROR;
				GCC_WARN_UNDECLARED_SELECTOR = YES;
				GCC_WARN_UNINITIALIZED_AUTOS = YES_AGGRESSIVE;
				GCC_WARN_UNUSED_FUNCTION = YES;
				GCC_WARN_UNUSED_VARIABLE = YES;
				IPHONEOS_DEPLOYMENT_TARGET = 16.2;
				MTL_ENABLE_DEBUG_INFO = INCLUDE_SOURCE;
				MTL_FAST_MATH = YES;
				ONLY_ACTIVE_ARCH = YES;
				SDKROOT = iphoneos;
			};
			name = Debug;
		};
		E6C5555C29F1329B00E25695 /* Release */ = {
			isa = XCBuildConfiguration;
			buildSettings = {
				ALWAYS_SEARCH_USER_PATHS = NO;
				CLANG_ANALYZER_NONNULL = YES;
				CLANG_ANALYZER_NUMBER_OBJECT_CONVERSION = YES_AGGRESSIVE;
				CLANG_CXX_LANGUAGE_STANDARD = "gnu++20";
				CLANG_ENABLE_MODULES = YES;
				CLANG_ENABLE_OBJC_ARC = YES;
				CLANG_ENABLE_OBJC_WEAK = YES;
				CLANG_WARN_BLOCK_CAPTURE_AUTORELEASING = YES;
				CLANG_WARN_BOOL_CONVERSION = YES;
				CLANG_WARN_COMMA = YES;
				CLANG_WARN_CONSTANT_CONVERSION = YES;
				CLANG_WARN_DEPRECATED_OBJC_IMPLEMENTATIONS = YES;
				CLANG_WARN_DIRECT_OBJC_ISA_USAGE = YES_ERROR;
				CLANG_WARN_DOCUMENTATION_COMMENTS = YES;
				CLANG_WARN_EMPTY_BODY = YES;
				CLANG_WARN_ENUM_CONVERSION = YES;
				CLANG_WARN_INFINITE_RECURSION = YES;
				CLANG_WARN_INT_CONVERSION = YES;
				CLANG_WARN_NON_LITERAL_NULL_CONVERSION = YES;
				CLANG_WARN_OBJC_IMPLICIT_RETAIN_SELF = YES;
				CLANG_WARN_OBJC_LITERAL_CONVERSION = YES;
				CLANG_WARN_OBJC_ROOT_CLASS = YES_ERROR;
				CLANG_WARN_QUOTED_INCLUDE_IN_FRAMEWORK_HEADER = YES;
				CLANG_WARN_RANGE_LOOP_ANALYSIS = YES;
				CLANG_WARN_STRICT_PROTOTYPES = YES;
				CLANG_WARN_SUSPICIOUS_MOVE = YES;
				CLANG_WARN_UNGUARDED_AVAILABILITY = YES_AGGRESSIVE;
				CLANG_WARN_UNREACHABLE_CODE = YES;
				CLANG_WARN__DUPLICATE_METHOD_MATCH = YES;
				COPY_PHASE_STRIP = NO;
				DEBUG_INFORMATION_FORMAT = "dwarf-with-dsym";
				ENABLE_NS_ASSERTIONS = NO;
				ENABLE_STRICT_OBJC_MSGSEND = YES;
				GCC_C_LANGUAGE_STANDARD = gnu11;
				GCC_NO_COMMON_BLOCKS = YES;
				GCC_WARN_64_TO_32_BIT_CONVERSION = YES;
				GCC_WARN_ABOUT_RETURN_TYPE = YES_ERROR;
				GCC_WARN_UNDECLARED_SELECTOR = YES;
				GCC_WARN_UNINITIALIZED_AUTOS = YES_AGGRESSIVE;
				GCC_WARN_UNUSED_FUNCTION = YES;
				GCC_WARN_UNUSED_VARIABLE = YES;
				IPHONEOS_DEPLOYMENT_TARGET = 16.2;
				MTL_ENABLE_DEBUG_INFO = NO;
				MTL_FAST_MATH = YES;
				SDKROOT = iphoneos;
				VALIDATE_PRODUCT = YES;
			};
			name = Release;
		};
		E6C5555E29F1329B00E25695 /* Debug */ = {
			isa = XCBuildConfiguration;
			buildSettings = {
				ASSETCATALOG_COMPILER_APPICON_NAME = AppIcon;
				ASSETCATALOG_COMPILER_GLOBAL_ACCENT_COLOR_NAME = AccentColor;
				CODE_SIGN_STYLE = Automatic;
				CURRENT_PROJECT_VERSION = 1;
				DEVELOPMENT_TEAM = Z48VZSQV9M;
				FRAMEWORK_SEARCH_PATHS = (
					"$(inherited)",
					"$(PROJECT_DIR)/FrameWorkLazyLoader",
				);
				GENERATE_INFOPLIST_FILE = YES;
				INFOPLIST_FILE = FrameWorkLazyLoader/Info.plist;
				INFOPLIST_KEY_UIApplicationSupportsIndirectInputEvents = YES;
				INFOPLIST_KEY_UILaunchStoryboardName = LaunchScreen;
				INFOPLIST_KEY_UIMainStoryboardFile = Main;
				INFOPLIST_KEY_UISupportedInterfaceOrientations_iPad = "UIInterfaceOrientationPortrait UIInterfaceOrientationPortraitUpsideDown UIInterfaceOrientationLandscapeLeft UIInterfaceOrientationLandscapeRight";
				INFOPLIST_KEY_UISupportedInterfaceOrientations_iPhone = "UIInterfaceOrientationPortrait UIInterfaceOrientationLandscapeLeft UIInterfaceOrientationLandscapeRight";
				IPHONEOS_DEPLOYMENT_TARGET = 13.0;
				LD_RUNPATH_SEARCH_PATHS = (
					"$(inherited)",
					"@executable_path/Frameworks",
				);
				MARKETING_VERSION = 1.0;
				PRODUCT_BUNDLE_IDENTIFIER = com.jlstmac.FrameWorkLazyLoader;
				PRODUCT_NAME = "$(TARGET_NAME)";
				SWIFT_EMIT_LOC_STRINGS = YES;
				TARGETED_DEVICE_FAMILY = "1,2";
			};
			name = Debug;
		};
		E6C5555F29F1329B00E25695 /* Release */ = {
			isa = XCBuildConfiguration;
			buildSettings = {
				ASSETCATALOG_COMPILER_APPICON_NAME = AppIcon;
				ASSETCATALOG_COMPILER_GLOBAL_ACCENT_COLOR_NAME = AccentColor;
				CODE_SIGN_STYLE = Automatic;
				CURRENT_PROJECT_VERSION = 1;
				DEVELOPMENT_TEAM = Z48VZSQV9M;
				FRAMEWORK_SEARCH_PATHS = (
					"$(inherited)",
					"$(PROJECT_DIR)/FrameWorkLazyLoader",
				);
				GENERATE_INFOPLIST_FILE = YES;
				INFOPLIST_FILE = FrameWorkLazyLoader/Info.plist;
				INFOPLIST_KEY_UIApplicationSupportsIndirectInputEvents = YES;
				INFOPLIST_KEY_UILaunchStoryboardName = LaunchScreen;
				INFOPLIST_KEY_UIMainStoryboardFile = Main;
				INFOPLIST_KEY_UISupportedInterfaceOrientations_iPad = "UIInterfaceOrientationPortrait UIInterfaceOrientationPortraitUpsideDown UIInterfaceOrientationLandscapeLeft UIInterfaceOrientationLandscapeRight";
				INFOPLIST_KEY_UISupportedInterfaceOrientations_iPhone = "UIInterfaceOrientationPortrait UIInterfaceOrientationLandscapeLeft UIInterfaceOrientationLandscapeRight";
				IPHONEOS_DEPLOYMENT_TARGET = 13.0;
				LD_RUNPATH_SEARCH_PATHS = (
					"$(inherited)",
					"@executable_path/Frameworks",
				);
				MARKETING_VERSION = 1.0;
				PRODUCT_BUNDLE_IDENTIFIER = com.jlstmac.FrameWorkLazyLoader;
				PRODUCT_NAME = "$(TARGET_NAME)";
				SWIFT_EMIT_LOC_STRINGS = YES;
				TARGETED_DEVICE_FAMILY = "1,2";
			};
			name = Release;
		};
		E6C5564629F14FF200E25695 /* Debug */ = {
			isa = XCBuildConfiguration;
			buildSettings = {
				CODE_SIGN_STYLE = Automatic;
				CURRENT_PROJECT_VERSION = 1;
				DEFINES_MODULE = YES;
				DEVELOPMENT_TEAM = Z48VZSQV9M;
				DYLIB_COMPATIBILITY_VERSION = 1;
				DYLIB_CURRENT_VERSION = 1;
				DYLIB_INSTALL_NAME_BASE = "@rpath";
				GENERATE_INFOPLIST_FILE = YES;
				INFOPLIST_KEY_NSHumanReadableCopyright = "";
				INSTALL_PATH = "$(LOCAL_LIBRARY_DIR)/Frameworks";
				IPHONEOS_DEPLOYMENT_TARGET = 13.0;
				LD_RUNPATH_SEARCH_PATHS = (
					"$(inherited)",
					"@executable_path/Frameworks",
					"@loader_path/Frameworks",
				);
				MARKETING_VERSION = 1.0;
				PRODUCT_BUNDLE_IDENTIFIER = com.jlstmac.DynamicDemo;
				PRODUCT_NAME = "$(TARGET_NAME:c99extidentifier)";
				SKIP_INSTALL = YES;
				SWIFT_EMIT_LOC_STRINGS = YES;
				TARGETED_DEVICE_FAMILY = "1,2";
				VERSIONING_SYSTEM = "apple-generic";
				VERSION_INFO_PREFIX = "";
			};
			name = Debug;
		};
		E6C5564729F14FF200E25695 /* Release */ = {
			isa = XCBuildConfiguration;
			buildSettings = {
				CODE_SIGN_STYLE = Automatic;
				CURRENT_PROJECT_VERSION = 1;
				DEFINES_MODULE = YES;
				DEVELOPMENT_TEAM = Z48VZSQV9M;
				DYLIB_COMPATIBILITY_VERSION = 1;
				DYLIB_CURRENT_VERSION = 1;
				DYLIB_INSTALL_NAME_BASE = "@rpath";
				GENERATE_INFOPLIST_FILE = YES;
				INFOPLIST_KEY_NSHumanReadableCopyright = "";
				INSTALL_PATH = "$(LOCAL_LIBRARY_DIR)/Frameworks";
				IPHONEOS_DEPLOYMENT_TARGET = 13.0;
				LD_RUNPATH_SEARCH_PATHS = (
					"$(inherited)",
					"@executable_path/Frameworks",
					"@loader_path/Frameworks",
				);
				MARKETING_VERSION = 1.0;
				PRODUCT_BUNDLE_IDENTIFIER = com.jlstmac.DynamicDemo;
				PRODUCT_NAME = "$(TARGET_NAME:c99extidentifier)";
				SKIP_INSTALL = YES;
				SWIFT_EMIT_LOC_STRINGS = YES;
				TARGETED_DEVICE_FAMILY = "1,2";
				VERSIONING_SYSTEM = "apple-generic";
				VERSION_INFO_PREFIX = "";
			};
			name = Release;
		};
		E6C5564929F14FF200E25695 /* Debug */ = {
			isa = XCBuildConfiguration;
			buildSettings = {
				CODE_SIGN_STYLE = Automatic;
				CURRENT_PROJECT_VERSION = 1;
				GENERATE_INFOPLIST_FILE = YES;
				MARKETING_VERSION = 1.0;
				PRODUCT_BUNDLE_IDENTIFIER = com.jlstmac.DynamicDemoTests;
				PRODUCT_NAME = "$(TARGET_NAME)";
				SWIFT_EMIT_LOC_STRINGS = NO;
				TARGETED_DEVICE_FAMILY = "1,2";
				TEST_HOST = "$(BUILT_PRODUCTS_DIR)/FrameWorkLazyLoader.app/$(BUNDLE_EXECUTABLE_FOLDER_PATH)/FrameWorkLazyLoader";
			};
			name = Debug;
		};
		E6C5564A29F14FF200E25695 /* Release */ = {
			isa = XCBuildConfiguration;
			buildSettings = {
				CODE_SIGN_STYLE = Automatic;
				CURRENT_PROJECT_VERSION = 1;
				GENERATE_INFOPLIST_FILE = YES;
				MARKETING_VERSION = 1.0;
				PRODUCT_BUNDLE_IDENTIFIER = com.jlstmac.DynamicDemoTests;
				PRODUCT_NAME = "$(TARGET_NAME)";
				SWIFT_EMIT_LOC_STRINGS = NO;
				TARGETED_DEVICE_FAMILY = "1,2";
				TEST_HOST = "$(BUILT_PRODUCTS_DIR)/FrameWorkLazyLoader.app/$(BUNDLE_EXECUTABLE_FOLDER_PATH)/FrameWorkLazyLoader";
			};
			name = Release;
		};
/* End XCBuildConfiguration section */

/* Begin XCConfigurationList section */
		E6C5553F29F1329A00E25695 /* Build configuration list for PBXProject "FrameWorkLazyLoader" */ = {
			isa = XCConfigurationList;
			buildConfigurations = (
				E6C5555B29F1329B00E25695 /* Debug */,
				E6C5555C29F1329B00E25695 /* Release */,
			);
			defaultConfigurationIsVisible = 0;
			defaultConfigurationName = Release;
		};
		E6C5555D29F1329B00E25695 /* Build configuration list for PBXNativeTarget "FrameWorkLazyLoader" */ = {
			isa = XCConfigurationList;
			buildConfigurations = (
				E6C5555E29F1329B00E25695 /* Debug */,
				E6C5555F29F1329B00E25695 /* Release */,
			);
			defaultConfigurationIsVisible = 0;
			defaultConfigurationName = Release;
		};
		E6C5564529F14FF200E25695 /* Build configuration list for PBXNativeTarget "DynamicDemo" */ = {
			isa = XCConfigurationList;
			buildConfigurations = (
				E6C5564629F14FF200E25695 /* Debug */,
				E6C5564729F14FF200E25695 /* Release */,
			);
			defaultConfigurationIsVisible = 0;
			defaultConfigurationName = Release;
		};
		E6C5564829F14FF200E25695 /* Build configuration list for PBXNativeTarget "DynamicDemoTests" */ = {
			isa = XCConfigurationList;
			buildConfigurations = (
				E6C5564929F14FF200E25695 /* Debug */,
				E6C5564A29F14FF200E25695 /* Release */,
			);
			defaultConfigurationIsVisible = 0;
			defaultConfigurationName = Release;
		};
/* End XCConfigurationList section */
	};
	rootObject = E6C5553C29F1329A00E25695 /* Project object */;
}
